
Microsoft Visual Studio Solution File, Format Version 12.00
# Visual Studio Version 17
VisualStudioVersion = 17.0.31903.59
MinimumVisualStudioVersion = 10.0.40219.1
Project("{2150E333-8FDC-42A3-9474-1A3956D46DE8}") = "src", "src", "{827E0CD3-B72D-47B6-A68D-7590B98EB39B}"
EndProject
Project("{FAE04EC0-301F-11D3-BF4B-00C04F79EFBC}") = "Deukuway.API", "src\Deukuway.API\Deukuway.API.csproj", "{B92EB9EA-AC0F-4876-821C-5F3E57466B19}"
EndProject
Project("{FAE04EC0-301F-11D3-BF4B-00C04F79EFBC}") = "Deukuway.Application", "src\Deukuway.Application\Deukuway.Application.csproj", "{491B3B6C-7B1D-45C0-828F-59007141272D}"
EndProject
Project("{FAE04EC0-301F-11D3-BF4B-00C04F79EFBC}") = "Deukuway.Core", "src\Deukuway.Core\Deukuway.Core.csproj", "{2858F516-8C3F-46C0-9EF9-EEABBE7CC3CF}"
EndProject
Project("{FAE04EC0-301F-11D3-BF4B-00C04F79EFBC}") = "Deukuway.Infrastructure", "src\Deukuway.Infrastructure\Deukuway.Infrastructure.csproj", "{2DC370E0-E9A5-43EB-96B1-B837C43076D2}"
EndProject
Global
	GlobalSection(SolutionConfigurationPlatforms) = preSolution
		Debug|Any CPU = Debug|Any CPU
		Debug|x64 = Debug|x64
		Debug|x86 = Debug|x86
		Release|Any CPU = Release|Any CPU
		Release|x64 = Release|x64
		Release|x86 = Release|x86
	EndGlobalSection
	GlobalSection(ProjectConfigurationPlatforms) = postSolution
		{B92EB9EA-AC0F-4876-821C-5F3E57466B19}.Debug|Any CPU.ActiveCfg = Debug|Any CPU
		{B92EB9EA-AC0F-4876-821C-5F3E57466B19}.Debug|Any CPU.Build.0 = Debug|Any CPU
		{B92EB9EA-AC0F-4876-821C-5F3E57466B19}.Debug|x64.ActiveCfg = Debug|Any CPU
		{B92EB9EA-AC0F-4876-821C-5F3E57466B19}.Debug|x64.Build.0 = Debug|Any CPU
		{B92EB9EA-AC0F-4876-821C-5F3E57466B19}.Debug|x86.ActiveCfg = Debug|Any CPU
		{B92EB9EA-AC0F-4876-821C-5F3E57466B19}.Debug|x86.Build.0 = Debug|Any CPU
		{B92EB9EA-AC0F-4876-821C-5F3E57466B19}.Release|Any CPU.ActiveCfg = Release|Any CPU
		{B92EB9EA-AC0F-4876-821C-5F3E57466B19}.Release|Any CPU.Build.0 = Release|Any CPU
		{B92EB9EA-AC0F-4876-821C-5F3E57466B19}.Release|x64.ActiveCfg = Release|Any CPU
		{B92EB9EA-AC0F-4876-821C-5F3E57466B19}.Release|x64.Build.0 = Release|Any CPU
		{B92EB9EA-AC0F-4876-821C-5F3E57466B19}.Release|x86.ActiveCfg = Release|Any CPU
		{B92EB9EA-AC0F-4876-821C-5F3E57466B19}.Release|x86.Build.0 = Release|Any CPU
		{491B3B6C-7B1D-45C0-828F-59007141272D}.Debug|Any CPU.ActiveCfg = Debug|Any CPU
		{491B3B6C-7B1D-45C0-828F-59007141272D}.Debug|Any CPU.Build.0 = Debug|Any CPU
		{491B3B6C-7B1D-45C0-828F-59007141272D}.Debug|x64.ActiveCfg = Debug|Any CPU
		{491B3B6C-7B1D-45C0-828F-59007141272D}.Debug|x64.Build.0 = Debug|Any CPU
		{491B3B6C-7B1D-45C0-828F-59007141272D}.Debug|x86.ActiveCfg = Debug|Any CPU
		{491B3B6C-7B1D-45C0-828F-59007141272D}.Debug|x86.Build.0 = Debug|Any CPU
		{491B3B6C-7B1D-45C0-828F-59007141272D}.Release|Any CPU.ActiveCfg = Release|Any CPU
		{491B3B6C-7B1D-45C0-828F-59007141272D}.Release|Any CPU.Build.0 = Release|Any CPU
		{491B3B6C-7B1D-45C0-828F-59007141272D}.Release|x64.ActiveCfg = Release|Any CPU
		{491B3B6C-7B1D-45C0-828F-59007141272D}.Release|x64.Build.0 = Release|Any CPU
		{491B3B6C-7B1D-45C0-828F-59007141272D}.Release|x86.ActiveCfg = Release|Any CPU
		{491B3B6C-7B1D-45C0-828F-59007141272D}.Release|x86.Build.0 = Release|Any CPU
		{2858F516-8C3F-46C0-9EF9-EEABBE7CC3CF}.Debug|Any CPU.ActiveCfg = Debug|Any CPU
		{2858F516-8C3F-46C0-9EF9-EEABBE7CC3CF}.Debug|Any CPU.Build.0 = Debug|Any CPU
		{2858F516-8C3F-46C0-9EF9-EEABBE7CC3CF}.Debug|x64.ActiveCfg = Debug|Any CPU
		{2858F516-8C3F-46C0-9EF9-EEABBE7CC3CF}.Debug|x64.Build.0 = Debug|Any CPU
		{2858F516-8C3F-46C0-9EF9-EEABBE7CC3CF}.Debug|x86.ActiveCfg = Debug|Any CPU
		{2858F516-8C3F-46C0-9EF9-EEABBE7CC3CF}.Debug|x86.Build.0 = Debug|Any CPU
		{2858F516-8C3F-46C0-9EF9-EEABBE7CC3CF}.Release|Any CPU.ActiveCfg = Release|Any CPU
		{2858F516-8C3F-46C0-9EF9-EEABBE7CC3CF}.Release|Any CPU.Build.0 = Release|Any CPU
		{2858F516-8C3F-46C0-9EF9-EEABBE7CC3CF}.Release|x64.ActiveCfg = Release|Any CPU
		{2858F516-8C3F-46C0-9EF9-EEABBE7CC3CF}.Release|x64.Build.0 = Release|Any CPU
		{2858F516-8C3F-46C0-9EF9-EEABBE7CC3CF}.Release|x86.ActiveCfg = Release|Any CPU
		{2858F516-8C3F-46C0-9EF9-EEABBE7CC3CF}.Release|x86.Build.0 = Release|Any CPU
		{2DC370E0-E9A5-43EB-96B1-B837C43076D2}.Debug|Any CPU.ActiveCfg = Debug|Any CPU
		{2DC370E0-E9A5-43EB-96B1-B837C43076D2}.Debug|Any CPU.Build.0 = Debug|Any CPU
		{2DC370E0-E9A5-43EB-96B1-B837C43076D2}.Debug|x64.ActiveCfg = Debug|Any CPU
		{2DC370E0-E9A5-43EB-96B1-B837C43076D2}.Debug|x64.Build.0 = Debug|Any CPU
		{2DC370E0-E9A5-43EB-96B1-B837C43076D2}.Debug|x86.ActiveCfg = Debug|Any CPU
		{2DC370E0-E9A5-43EB-96B1-B837C43076D2}.Debug|x86.Build.0 = Debug|Any CPU
		{2DC370E0-E9A5-43EB-96B1-B837C43076D2}.Release|Any CPU.ActiveCfg = Release|Any CPU
		{2DC370E0-E9A5-43EB-96B1-B837C43076D2}.Release|Any CPU.Build.0 = Release|Any CPU
		{2DC370E0-E9A5-43EB-96B1-B837C43076D2}.Release|x64.ActiveCfg = Release|Any CPU
		{2DC370E0-E9A5-43EB-96B1-B837C43076D2}.Release|x64.Build.0 = Release|Any CPU
		{2DC370E0-E9A5-43EB-96B1-B837C43076D2}.Release|x86.ActiveCfg = Release|Any CPU
		{2DC370E0-E9A5-43EB-96B1-B837C43076D2}.Release|x86.Build.0 = Release|Any CPU
	EndGlobalSection
	GlobalSection(SolutionProperties) = preSolution
		HideSolutionNode = FALSE
	EndGlobalSection
	GlobalSection(NestedProjects) = preSolution
		{B92EB9EA-AC0F-4876-821C-5F3E57466B19} = {827E0CD3-B72D-47B6-A68D-7590B98EB39B}
		{491B3B6C-7B1D-45C0-828F-59007141272D} = {827E0CD3-B72D-47B6-A68D-7590B98EB39B}
		{2858F516-8C3F-46C0-9EF9-EEABBE7CC3CF} = {827E0CD3-B72D-47B6-A68D-7590B98EB39B}
		{2DC370E0-E9A5-43EB-96B1-B837C43076D2} = {827E0CD3-B72D-47B6-A68D-7590B98EB39B}
	EndGlobalSection
EndGlobal
